
Microsoft Visual Studio Solution File, Format Version 12.00
# Visual Studio Version 17
VisualStudioVersion = 17.11.35312.102
MinimumVisualStudioVersion = 10.0.40219.1
Project("{FAE04EC0-301F-11D3-BF4B-00C04F79EFBC}") = "EmployeeApplication_", "EmployeeApplication_.csproj", "{32AC21BF-E59A-43C0-ACFE-E114C6746BE3}"
EndProject
Global
	GlobalSection(SolutionConfigurationPlatforms) = preSolution
		Debug|Any CPU = Debug|Any CPU
		Release|Any CPU = Release|Any CPU
	EndGlobalSection
	GlobalSection(ProjectConfigurationPlatforms) = postSolution
		{32AC21BF-E59A-43C0-ACFE-E114C6746BE3}.Debug|Any CPU.ActiveCfg = Debug|Any CPU
		{32AC21BF-E59A-43C0-ACFE-E114C6746BE3}.Debug|Any CPU.Build.0 = Debug|Any CPU
		{32AC21BF-E59A-43C0-ACFE-E114C6746BE3}.Release|Any CPU.ActiveCfg = Release|Any CPU
		{32AC21BF-E59A-43C0-ACFE-E114C6746BE3}.Release|Any CPU.Build.0 = Release|Any CPU
	EndGlobalSection
	GlobalSection(SolutionProperties) = preSolution
		HideSolutionNode = FALSE
	EndGlobalSection
	GlobalSection(ExtensibilityGlobals) = postSolution
		SolutionGuid = {B109C7EC-B127-45C6-9DD4-69B55107F396}
	EndGlobalSection
EndGlobal
